{
  "version": "2",
  "remote": {
    "https://cdn.skypack.dev/-/fflate@v0.7.3-x0OS7MYd1pAJyCyfqyxe/dist=es2019,mode=imports,min/optimized/fflate.js": "e6b45602ca601ebf81b5ef639d34e645db3cbcf464a1c6c9289e2d2573453ac4",
    "https://cdn.skypack.dev/-/json5@v2.2.0-2jpNGKqjKBnKA81QQzdk/dist=es2019,mode=imports/optimized/json5.js": "ece3fb60010a49b3198e9dd66a181ab394bdc8a784f5bacaafccd5511bb96197",
    "https://cdn.skypack.dev/-/lodash@v4.17.19-edyNmC6baEqCMCqcyujz/dist=es2019,mode=imports/optimized/lodash.js": "bcc865cc5063c2610ab88858a70aeb2860b893d64fe8b20d7e061d2117d1d288",
    "https://cdn.skypack.dev/fflate?min": "b6b2efe0fc414cf33bd128e057381c5890b58a3cc10e2aab2cab39534fa5604e",
    "https://cdn.skypack.dev/json5@v2.2.0": "774040188bc288bf587e4a91052ada7b8f6dbe227b24c7fd9e5d944a58e2f5c6",
    "https://cdn.skypack.dev/lodash@4.17.19": "729b0a4bfd71e573760c1d14a3976eb55eda330546cd678a8a4cbcb197892bba",
    "https://deno.land/std@0.103.0/_util/assert.ts": "2f868145a042a11d5ad0a3c748dcf580add8a0dbc0e876eaa0026303a5488f58",
    "https://deno.land/std@0.103.0/_util/os.ts": "4bfbbb53cf87ec0c0f562b5b836c4d5392faa0365a30580cdfd3acb9944dcca1",
    "https://deno.land/std@0.103.0/path/_constants.ts": "1247fee4a79b70c89f23499691ef169b41b6ccf01887a0abd131009c5581b853",
    "https://deno.land/std@0.103.0/path/_interface.ts": "1fa73b02aaa24867e481a48492b44f2598cd9dfa513c7b34001437007d3642e4",
    "https://deno.land/std@0.103.0/path/_util.ts": "2e06a3b9e79beaf62687196bd4b60a4c391d862cfa007a20fc3a39f778ba073b",
    "https://deno.land/std@0.103.0/path/common.ts": "eaf03d08b569e8a87e674e4e265e099f237472b6fd135b3cbeae5827035ea14a",
    "https://deno.land/std@0.103.0/path/glob.ts": "697fec7edbada26ed12b696023646a28c3897370c94ef7a555d317494b8bc270",
    "https://deno.land/std@0.103.0/path/mod.ts": "4465dc494f271b02569edbb4a18d727063b5dbd6ed84283ff906260970a15d12",
    "https://deno.land/std@0.103.0/path/posix.ts": "b81974c768d298f8dcd2c720229639b3803ca4a241fa9a355c762fa2bc5ef0c1",
    "https://deno.land/std@0.103.0/path/separator.ts": "8fdcf289b1b76fd726a508f57d3370ca029ae6976fcde5044007f062e643ff1c",
    "https://deno.land/std@0.103.0/path/win32.ts": "f4a3d4a3f2c9fe894da046d5eac48b5e789a0ebec5152b2c0985efe96a9f7ae1",
    "https://deno.land/x/dotenv@v2.0.0/mod.ts": "327b0f2c335e69ca127b0e8b282210d21e45a1f9f6ce597484fbb3f3b23cb461",
    "https://deno.land/x/dotenv@v2.0.0/util.ts": "693730877b13f8ead2b79b2aa31e2a0652862f7dc0c5f6d2f313f4d39c7b7670"
  }
}